
Microsoft Visual Studio Solution File, Format Version 12.00
# Visual Studio 15
VisualStudioVersion = 15.0.28307.329
MinimumVisualStudioVersion = 10.0.40219.1
Project("{FAE04EC0-301F-11D3-BF4B-00C04F79EFBC}") = "AsyncAwaiter", "AsyncAwaiter\AsyncAwaiter.csproj", "{14A8CA5F-A23E-4992-B964-164644F5EA0A}"
EndProject
Project("{9A19103F-16F7-4668-BE54-9A1E7A4F7556}") = "Logger", "..\Logger\Logger\Logger.csproj", "{782D5B8D-0523-4B28-AE3F-AF60E285EA73}"
EndProject
Global
	GlobalSection(SolutionConfigurationPlatforms) = preSolution
		Debug|Any CPU = Debug|Any CPU
		Release|Any CPU = Release|Any CPU
	EndGlobalSection
	GlobalSection(ProjectConfigurationPlatforms) = postSolution
		{14A8CA5F-A23E-4992-B964-164644F5EA0A}.Debug|Any CPU.ActiveCfg = Debug|Any CPU
		{14A8CA5F-A23E-4992-B964-164644F5EA0A}.Debug|Any CPU.Build.0 = Debug|Any CPU
		{14A8CA5F-A23E-4992-B964-164644F5EA0A}.Release|Any CPU.ActiveCfg = Release|Any CPU
		{14A8CA5F-A23E-4992-B964-164644F5EA0A}.Release|Any CPU.Build.0 = Release|Any CPU
		{782D5B8D-0523-4B28-AE3F-AF60E285EA73}.Debug|Any CPU.ActiveCfg = Debug|Any CPU
		{782D5B8D-0523-4B28-AE3F-AF60E285EA73}.Debug|Any CPU.Build.0 = Debug|Any CPU
		{782D5B8D-0523-4B28-AE3F-AF60E285EA73}.Release|Any CPU.ActiveCfg = Release|Any CPU
		{782D5B8D-0523-4B28-AE3F-AF60E285EA73}.Release|Any CPU.Build.0 = Release|Any CPU
	EndGlobalSection
	GlobalSection(SolutionProperties) = preSolution
		HideSolutionNode = FALSE
	EndGlobalSection
	GlobalSection(ExtensibilityGlobals) = postSolution
		SolutionGuid = {597683D4-1C0D-40DD-8BA9-B6C531F9B4F1}
	EndGlobalSection
EndGlobal
